
Microsoft Visual Studio Solution File, Format Version 12.00
# Visual Studio 14
VisualStudioVersion = 14.0.25420.1
MinimumVisualStudioVersion = 10.0.40219.1
Project("{FAE04EC0-301F-11D3-BF4B-00C04F79EFBC}") = "WCFDemoService", "WCFDemoService\WCFDemoService.csproj", "{A06A5EEC-910B-4900-B873-D615A06B10F0}"
EndProject
Project("{FAE04EC0-301F-11D3-BF4B-00C04F79EFBC}") = "DesktopClient", "Client\DesktopClient\DesktopClient.csproj", "{D73277E9-D7B6-4747-8039-702659DE14DE}"
	ProjectSection(ProjectDependencies) = postProject
		{A06A5EEC-910B-4900-B873-D615A06B10F0} = {A06A5EEC-910B-4900-B873-D615A06B10F0}
	EndProjectSection
EndProject
Project("{FAE04EC0-301F-11D3-BF4B-00C04F79EFBC}") = "WebClient", "Client\WebClient\WebClient\WebClient.csproj", "{B839C1DC-04D5-4BB6-A8A4-9B02F906D047}"
EndProject
Project("{E24C65DC-7377-472B-9ABA-BC803B73C61A}") = "ServiceHost", "ServiceHost\", "{03BFC4A8-258B-42C2-880F-93363683E799}"
	ProjectSection(WebsiteProperties) = preProject
		TargetFrameworkMoniker = ".NETFramework,Version%3Dv4.6"
		Debug.AspNetCompiler.VirtualPath = "/localhost_61345"
		Debug.AspNetCompiler.PhysicalPath = "ServiceHost\"
		Debug.AspNetCompiler.TargetPath = "PrecompiledWeb\localhost_61345\"
		Debug.AspNetCompiler.Updateable = "true"
		Debug.AspNetCompiler.ForceOverwrite = "true"
		Debug.AspNetCompiler.FixedNames = "false"
		Debug.AspNetCompiler.Debug = "True"
		Release.AspNetCompiler.VirtualPath = "/localhost_61345"
		Release.AspNetCompiler.PhysicalPath = "ServiceHost\"
		Release.AspNetCompiler.TargetPath = "PrecompiledWeb\localhost_61345\"
		Release.AspNetCompiler.Updateable = "true"
		Release.AspNetCompiler.ForceOverwrite = "true"
		Release.AspNetCompiler.FixedNames = "false"
		Release.AspNetCompiler.Debug = "False"
		VWDPort = "61345"
		SlnRelativePath = "ServiceHost\"
	EndProjectSection
EndProject
Global
	GlobalSection(SolutionConfigurationPlatforms) = preSolution
		Debug|Any CPU = Debug|Any CPU
		Release|Any CPU = Release|Any CPU
	EndGlobalSection
	GlobalSection(ProjectConfigurationPlatforms) = postSolution
		{A06A5EEC-910B-4900-B873-D615A06B10F0}.Debug|Any CPU.ActiveCfg = Debug|Any CPU
		{A06A5EEC-910B-4900-B873-D615A06B10F0}.Debug|Any CPU.Build.0 = Debug|Any CPU
		{A06A5EEC-910B-4900-B873-D615A06B10F0}.Release|Any CPU.ActiveCfg = Release|Any CPU
		{A06A5EEC-910B-4900-B873-D615A06B10F0}.Release|Any CPU.Build.0 = Release|Any CPU
		{D73277E9-D7B6-4747-8039-702659DE14DE}.Debug|Any CPU.ActiveCfg = Debug|Any CPU
		{D73277E9-D7B6-4747-8039-702659DE14DE}.Debug|Any CPU.Build.0 = Debug|Any CPU
		{D73277E9-D7B6-4747-8039-702659DE14DE}.Release|Any CPU.ActiveCfg = Release|Any CPU
		{D73277E9-D7B6-4747-8039-702659DE14DE}.Release|Any CPU.Build.0 = Release|Any CPU
		{B839C1DC-04D5-4BB6-A8A4-9B02F906D047}.Debug|Any CPU.ActiveCfg = Debug|Any CPU
		{B839C1DC-04D5-4BB6-A8A4-9B02F906D047}.Debug|Any CPU.Build.0 = Debug|Any CPU
		{B839C1DC-04D5-4BB6-A8A4-9B02F906D047}.Release|Any CPU.ActiveCfg = Release|Any CPU
		{B839C1DC-04D5-4BB6-A8A4-9B02F906D047}.Release|Any CPU.Build.0 = Release|Any CPU
		{03BFC4A8-258B-42C2-880F-93363683E799}.Debug|Any CPU.ActiveCfg = Debug|Any CPU
		{03BFC4A8-258B-42C2-880F-93363683E799}.Debug|Any CPU.Build.0 = Debug|Any CPU
		{03BFC4A8-258B-42C2-880F-93363683E799}.Release|Any CPU.ActiveCfg = Debug|Any CPU
		{03BFC4A8-258B-42C2-880F-93363683E799}.Release|Any CPU.Build.0 = Debug|Any CPU
	EndGlobalSection
	GlobalSection(SolutionProperties) = preSolution
		HideSolutionNode = FALSE
	EndGlobalSection
EndGlobal
